<Solution>
  <Folder Name="/Solution Items/">
    <File Path=".gitea/workflows/release-nuget.yml" />
    <File Path="Directory.Build.props" />
    <File Path="NuGet.Config" />
    <File Path="versions.props" />
  </Folder>
  <Folder Name="/src/">
    <Project Path="src/SufiChain.KomTheme.Blazor.Server/SufiChain.KomTheme.Blazor.Server.csproj" />
    <Project Path="src/SufiChain.KomTheme.Blazor.WebAssembly.Bundling/SufiChain.KomTheme.Blazor.WebAssembly.Bundling.csproj" />
    <Project Path="src/SufiChain.KomTheme.Blazor.WebAssembly/SufiChain.KomTheme.Blazor.WebAssembly.csproj" />
    <Project Path="src/SufiChain.KomTheme.Blazor/SufiChain.KomTheme.Blazor.csproj" />
    <Project Path="src/SufiChain.KomTheme/SufiChain.KomTheme.csproj" />
  </Folder>
</Solution>
